// !$*UTF8*$!
{
	archiveVersion = 1;
	classes = {
	};
	objectVersion = 56;
	objects = {

/* Begin PBXBuildFile section */
		6523F17A2BE2464400538065 /* GenreModel.swift in Sources */ = {isa = PBXBuildFile; fileRef = 6523F1792BE2464400538065 /* GenreModel.swift */; };
		6523F17C2BE2486900538065 /* OrderModel.swift in Sources */ = {isa = PBXBuildFile; fileRef = 6523F17B2BE2486900538065 /* OrderModel.swift */; };
		6523F17F2BE24BF400538065 /* MainViewModel.swift in Sources */ = {isa = PBXBuildFile; fileRef = 6523F17E2BE24BF400538065 /* MainViewModel.swift */; };
		65C7410A2BE10C74004C92B1 /* AuthViewModel.swift in Sources */ = {isa = PBXBuildFile; fileRef = 65C741092BE10C74004C92B1 /* AuthViewModel.swift */; };
		65C7410C2BE10CA6004C92B1 /* AuthView.swift in Sources */ = {isa = PBXBuildFile; fileRef = 65C7410B2BE10CA6004C92B1 /* AuthView.swift */; };
		65C7410E2BE10CE5004C92B1 /* UserAccountViewModel.swift in Sources */ = {isa = PBXBuildFile; fileRef = 65C7410D2BE10CE5004C92B1 /* UserAccountViewModel.swift */; };
		65C741102BE10CFA004C92B1 /* UserAccountView.swift in Sources */ = {isa = PBXBuildFile; fileRef = 65C7410F2BE10CFA004C92B1 /* UserAccountView.swift */; };
		65C741142BE10D45004C92B1 /* OrderHistoryView.swift in Sources */ = {isa = PBXBuildFile; fileRef = 65C741132BE10D45004C92B1 /* OrderHistoryView.swift */; };
		65C741162BE10E09004C92B1 /* RegistrationViewModel.swift in Sources */ = {isa = PBXBuildFile; fileRef = 65C741152BE10E08004C92B1 /* RegistrationViewModel.swift */; };
		65C741182BE10E12004C92B1 /* RegistrationView.swift in Sources */ = {isa = PBXBuildFile; fileRef = 65C741172BE10E12004C92B1 /* RegistrationView.swift */; };
		65C7411A2BE10FB2004C92B1 /* MainView.swift in Sources */ = {isa = PBXBuildFile; fileRef = 65C741192BE10FB2004C92B1 /* MainView.swift */; };
		65C7411C2BE11948004C92B1 /* UserModel.swift in Sources */ = {isa = PBXBuildFile; fileRef = 65C7411B2BE11948004C92B1 /* UserModel.swift */; };
		65C7411E2BE11D39004C92B1 /* AccountView.swift in Sources */ = {isa = PBXBuildFile; fileRef = 65C7411D2BE11D39004C92B1 /* AccountView.swift */; };
		65C741202BE11E09004C92B1 /* SettingsView.swift in Sources */ = {isa = PBXBuildFile; fileRef = 65C7411F2BE11E09004C92B1 /* SettingsView.swift */; };
		65C741222BE12169004C92B1 /* SeatSelectionViewModel.swift in Sources */ = {isa = PBXBuildFile; fileRef = 65C741212BE12169004C92B1 /* SeatSelectionViewModel.swift */; };
		65C741242BE12191004C92B1 /* SeatSelectionView.swift in Sources */ = {isa = PBXBuildFile; fileRef = 65C741232BE12191004C92B1 /* SeatSelectionView.swift */; };
		65C741262BE12364004C92B1 /* CinemaModel.swift in Sources */ = {isa = PBXBuildFile; fileRef = 65C741252BE12364004C92B1 /* CinemaModel.swift */; };
		65C741282BE12638004C92B1 /* SessionModel.swift in Sources */ = {isa = PBXBuildFile; fileRef = 65C741272BE12638004C92B1 /* SessionModel.swift */; };
		65C7412A2BE12AEC004C92B1 /* MovieModel.swift in Sources */ = {isa = PBXBuildFile; fileRef = 65C741292BE12AEC004C92B1 /* MovieModel.swift */; };
		65C7412C2BE1319A004C92B1 /* CinemasViewModel.swift in Sources */ = {isa = PBXBuildFile; fileRef = 65C7412B2BE1319A004C92B1 /* CinemasViewModel.swift */; };
		65C7412E2BE1323E004C92B1 /* MoviesViewModel.swift in Sources */ = {isa = PBXBuildFile; fileRef = 65C7412D2BE1323E004C92B1 /* MoviesViewModel.swift */; };
		65C741302BE133CA004C92B1 /* SchedulesViewModel.swift in Sources */ = {isa = PBXBuildFile; fileRef = 65C7412F2BE133CA004C92B1 /* SchedulesViewModel.swift */; };
		B52476292BDF679C0045B89F /* CinemaBookingSystemApp.swift in Sources */ = {isa = PBXBuildFile; fileRef = B52476282BDF679C0045B89F /* CinemaBookingSystemApp.swift */; };
		B524762B2BDF679C0045B89F /* ContentView.swift in Sources */ = {isa = PBXBuildFile; fileRef = B524762A2BDF679C0045B89F /* ContentView.swift */; };
		B524762D2BDF679E0045B89F /* Assets.xcassets in Resources */ = {isa = PBXBuildFile; fileRef = B524762C2BDF679E0045B89F /* Assets.xcassets */; };
		B52476302BDF679E0045B89F /* Preview Assets.xcassets in Resources */ = {isa = PBXBuildFile; fileRef = B524762F2BDF679E0045B89F /* Preview Assets.xcassets */; };
		B52476372BE706A20045B89F /* CinemaView.swift in Sources */ = {isa = PBXBuildFile; fileRef = B52476362BE706A20045B89F /* CinemaView.swift */; };
		B52476392BE706B20045B89F /* MovieView.swift in Sources */ = {isa = PBXBuildFile; fileRef = B52476382BE706B20045B89F /* MovieView.swift */; };
		B524763B2BE709380045B89F /* CinemasView.swift in Sources */ = {isa = PBXBuildFile; fileRef = B524763A2BE709380045B89F /* CinemasView.swift */; };
		B524763D2BE73A5C0045B89F /* MoviesView.swift in Sources */ = {isa = PBXBuildFile; fileRef = B524763C2BE73A5C0045B89F /* MoviesView.swift */; };
/* End PBXBuildFile section */

/* Begin PBXFileReference section */
		6523F1792BE2464400538065 /* GenreModel.swift */ = {isa = PBXFileReference; lastKnownFileType = sourcecode.swift; path = GenreModel.swift; sourceTree = "<group>"; };
		6523F17B2BE2486900538065 /* OrderModel.swift */ = {isa = PBXFileReference; lastKnownFileType = sourcecode.swift; path = OrderModel.swift; sourceTree = "<group>"; };
		6523F17E2BE24BF400538065 /* MainViewModel.swift */ = {isa = PBXFileReference; lastKnownFileType = sourcecode.swift; path = MainViewModel.swift; sourceTree = "<group>"; };
		65C741092BE10C74004C92B1 /* AuthViewModel.swift */ = {isa = PBXFileReference; lastKnownFileType = sourcecode.swift; path = AuthViewModel.swift; sourceTree = "<group>"; };
		65C7410B2BE10CA6004C92B1 /* AuthView.swift */ = {isa = PBXFileReference; lastKnownFileType = sourcecode.swift; path = AuthView.swift; sourceTree = "<group>"; };
		65C7410D2BE10CE5004C92B1 /* UserAccountViewModel.swift */ = {isa = PBXFileReference; lastKnownFileType = sourcecode.swift; path = UserAccountViewModel.swift; sourceTree = "<group>"; };
		65C7410F2BE10CFA004C92B1 /* UserAccountView.swift */ = {isa = PBXFileReference; lastKnownFileType = sourcecode.swift; path = UserAccountView.swift; sourceTree = "<group>"; };
		65C741132BE10D45004C92B1 /* OrderHistoryView.swift */ = {isa = PBXFileReference; lastKnownFileType = sourcecode.swift; path = OrderHistoryView.swift; sourceTree = "<group>"; };
		65C741152BE10E08004C92B1 /* RegistrationViewModel.swift */ = {isa = PBXFileReference; lastKnownFileType = sourcecode.swift; path = RegistrationViewModel.swift; sourceTree = "<group>"; };
		65C741172BE10E12004C92B1 /* RegistrationView.swift */ = {isa = PBXFileReference; lastKnownFileType = sourcecode.swift; path = RegistrationView.swift; sourceTree = "<group>"; };
		65C741192BE10FB2004C92B1 /* MainView.swift */ = {isa = PBXFileReference; lastKnownFileType = sourcecode.swift; path = MainView.swift; sourceTree = "<group>"; };
		65C7411B2BE11948004C92B1 /* UserModel.swift */ = {isa = PBXFileReference; lastKnownFileType = sourcecode.swift; path = UserModel.swift; sourceTree = "<group>"; };
		65C7411D2BE11D39004C92B1 /* AccountView.swift */ = {isa = PBXFileReference; lastKnownFileType = sourcecode.swift; path = AccountView.swift; sourceTree = "<group>"; };
		65C7411F2BE11E09004C92B1 /* SettingsView.swift */ = {isa = PBXFileReference; lastKnownFileType = sourcecode.swift; path = SettingsView.swift; sourceTree = "<group>"; };
		65C741212BE12169004C92B1 /* SeatSelectionViewModel.swift */ = {isa = PBXFileReference; lastKnownFileType = sourcecode.swift; path = SeatSelectionViewModel.swift; sourceTree = "<group>"; };
		65C741232BE12191004C92B1 /* SeatSelectionView.swift */ = {isa = PBXFileReference; lastKnownFileType = sourcecode.swift; path = SeatSelectionView.swift; sourceTree = "<group>"; };
		65C741252BE12364004C92B1 /* CinemaModel.swift */ = {isa = PBXFileReference; lastKnownFileType = sourcecode.swift; path = CinemaModel.swift; sourceTree = "<group>"; };
		65C741272BE12638004C92B1 /* SessionModel.swift */ = {isa = PBXFileReference; lastKnownFileType = sourcecode.swift; path = SessionModel.swift; sourceTree = "<group>"; };
		65C741292BE12AEC004C92B1 /* MovieModel.swift */ = {isa = PBXFileReference; lastKnownFileType = sourcecode.swift; path = MovieModel.swift; sourceTree = "<group>"; };
		65C7412B2BE1319A004C92B1 /* CinemasViewModel.swift */ = {isa = PBXFileReference; lastKnownFileType = sourcecode.swift; path = CinemasViewModel.swift; sourceTree = "<group>"; };
		65C7412D2BE1323E004C92B1 /* MoviesViewModel.swift */ = {isa = PBXFileReference; lastKnownFileType = sourcecode.swift; path = MoviesViewModel.swift; sourceTree = "<group>"; };
		65C7412F2BE133CA004C92B1 /* SchedulesViewModel.swift */ = {isa = PBXFileReference; lastKnownFileType = sourcecode.swift; path = SchedulesViewModel.swift; sourceTree = "<group>"; };
		B52476252BDF679C0045B89F /* CinemaBookingSystem.app */ = {isa = PBXFileReference; explicitFileType = wrapper.application; includeInIndex = 0; path = CinemaBookingSystem.app; sourceTree = BUILT_PRODUCTS_DIR; };
		B52476282BDF679C0045B89F /* CinemaBookingSystemApp.swift */ = {isa = PBXFileReference; lastKnownFileType = sourcecode.swift; path = CinemaBookingSystemApp.swift; sourceTree = "<group>"; };
		B524762A2BDF679C0045B89F /* ContentView.swift */ = {isa = PBXFileReference; lastKnownFileType = sourcecode.swift; path = ContentView.swift; sourceTree = "<group>"; };
		B524762C2BDF679E0045B89F /* Assets.xcassets */ = {isa = PBXFileReference; lastKnownFileType = folder.assetcatalog; path = Assets.xcassets; sourceTree = "<group>"; };
		B524762F2BDF679E0045B89F /* Preview Assets.xcassets */ = {isa = PBXFileReference; lastKnownFileType = folder.assetcatalog; path = "Preview Assets.xcassets"; sourceTree = "<group>"; };
		B52476362BE706A20045B89F /* CinemaView.swift */ = {isa = PBXFileReference; lastKnownFileType = sourcecode.swift; path = CinemaView.swift; sourceTree = "<group>"; };
		B52476382BE706B20045B89F /* MovieView.swift */ = {isa = PBXFileReference; lastKnownFileType = sourcecode.swift; path = MovieView.swift; sourceTree = "<group>"; };
		B524763A2BE709380045B89F /* CinemasView.swift */ = {isa = PBXFileReference; lastKnownFileType = sourcecode.swift; path = CinemasView.swift; sourceTree = "<group>"; };
		B524763C2BE73A5C0045B89F /* MoviesView.swift */ = {isa = PBXFileReference; lastKnownFileType = sourcecode.swift; path = MoviesView.swift; sourceTree = "<group>"; };
/* End PBXFileReference section */

/* Begin PBXFrameworksBuildPhase section */
		B52476222BDF679C0045B89F /* Frameworks */ = {
			isa = PBXFrameworksBuildPhase;
			buildActionMask = 2147483647;
			files = (
			);
			runOnlyForDeploymentPostprocessing = 0;
		};
/* End PBXFrameworksBuildPhase section */

/* Begin PBXGroup section */
		6523F17D2BE24B5D00538065 /* ViewModels */ = {
			isa = PBXGroup;
			children = (
				65C741092BE10C74004C92B1 /* AuthViewModel.swift */,
				65C7410D2BE10CE5004C92B1 /* UserAccountViewModel.swift */,
				65C741152BE10E08004C92B1 /* RegistrationViewModel.swift */,
				65C741212BE12169004C92B1 /* SeatSelectionViewModel.swift */,
				65C7412B2BE1319A004C92B1 /* CinemasViewModel.swift */,
				65C7412D2BE1323E004C92B1 /* MoviesViewModel.swift */,
				65C7412F2BE133CA004C92B1 /* SchedulesViewModel.swift */,
				6523F17E2BE24BF400538065 /* MainViewModel.swift */,
			);
			path = ViewModels;
			sourceTree = "<group>";
		};
		65C741072BE10B15004C92B1 /* Views */ = {
			isa = PBXGroup;
			children = (
				B524762A2BDF679C0045B89F /* ContentView.swift */,
				65C7410B2BE10CA6004C92B1 /* AuthView.swift */,
				B52476382BE706B20045B89F /* MovieView.swift */,
				65C7410F2BE10CFA004C92B1 /* UserAccountView.swift */,
				B52476362BE706A20045B89F /* CinemaView.swift */,
				B524763A2BE709380045B89F /* CinemasView.swift */,
				65C741132BE10D45004C92B1 /* OrderHistoryView.swift */,
				65C741172BE10E12004C92B1 /* RegistrationView.swift */,
				65C741192BE10FB2004C92B1 /* MainView.swift */,
				65C7411D2BE11D39004C92B1 /* AccountView.swift */,
				65C7411F2BE11E09004C92B1 /* SettingsView.swift */,
				65C741232BE12191004C92B1 /* SeatSelectionView.swift */,
				B524763C2BE73A5C0045B89F /* MoviesView.swift */,
			);
			path = Views;
			sourceTree = "<group>";
		};
		65C741082BE10B1C004C92B1 /* Models */ = {
			isa = PBXGroup;
			children = (
				65C7411B2BE11948004C92B1 /* UserModel.swift */,
				65C741252BE12364004C92B1 /* CinemaModel.swift */,
				65C741272BE12638004C92B1 /* SessionModel.swift */,
				65C741292BE12AEC004C92B1 /* MovieModel.swift */,
				6523F1792BE2464400538065 /* GenreModel.swift */,
				6523F17B2BE2486900538065 /* OrderModel.swift */,
			);
			path = Models;
			sourceTree = "<group>";
		};
		B524761C2BDF679C0045B89F = {
			isa = PBXGroup;
			children = (
				B52476272BDF679C0045B89F /* CinemaBookingSystem */,
				B52476262BDF679C0045B89F /* Products */,
			);
			sourceTree = "<group>";
		};
		B52476262BDF679C0045B89F /* Products */ = {
			isa = PBXGroup;
			children = (
				B52476252BDF679C0045B89F /* CinemaBookingSystem.app */,
			);
			name = Products;
			sourceTree = "<group>";
		};
		B52476272BDF679C0045B89F /* CinemaBookingSystem */ = {
			isa = PBXGroup;
			children = (
				6523F17D2BE24B5D00538065 /* ViewModels */,
				65C741082BE10B1C004C92B1 /* Models */,
				65C741072BE10B15004C92B1 /* Views */,
				B52476282BDF679C0045B89F /* CinemaBookingSystemApp.swift */,
				B524762C2BDF679E0045B89F /* Assets.xcassets */,
				B524762E2BDF679E0045B89F /* Preview Content */,
			);
			path = CinemaBookingSystem;
			sourceTree = "<group>";
		};
		B524762E2BDF679E0045B89F /* Preview Content */ = {
			isa = PBXGroup;
			children = (
				B524762F2BDF679E0045B89F /* Preview Assets.xcassets */,
			);
			path = "Preview Content";
			sourceTree = "<group>";
		};
/* End PBXGroup section */

/* Begin PBXNativeTarget section */
		B52476242BDF679C0045B89F /* CinemaBookingSystem */ = {
			isa = PBXNativeTarget;
			buildConfigurationList = B52476332BDF679E0045B89F /* Build configuration list for PBXNativeTarget "CinemaBookingSystem" */;
			buildPhases = (
				B52476212BDF679C0045B89F /* Sources */,
				B52476222BDF679C0045B89F /* Frameworks */,
				B52476232BDF679C0045B89F /* Resources */,
			);
			buildRules = (
			);
			dependencies = (
			);
			name = CinemaBookingSystem;
			productName = CinemaBookingSystem;
			productReference = B52476252BDF679C0045B89F /* CinemaBookingSystem.app */;
			productType = "com.apple.product-type.application";
		};
/* End PBXNativeTarget section */

/* Begin PBXProject section */
		B524761D2BDF679C0045B89F /* Project object */ = {
			isa = PBXProject;
			attributes = {
				BuildIndependentTargetsInParallel = 1;
				LastSwiftUpdateCheck = 1530;
				LastUpgradeCheck = 1530;
				TargetAttributes = {
					B52476242BDF679C0045B89F = {
						CreatedOnToolsVersion = 15.3;
					};
				};
			};
			buildConfigurationList = B52476202BDF679C0045B89F /* Build configuration list for PBXProject "CinemaBookingSystem" */;
			compatibilityVersion = "Xcode 14.0";
			developmentRegion = en;
			hasScannedForEncodings = 0;
			knownRegions = (
				en,
				Base,
			);
			mainGroup = B524761C2BDF679C0045B89F;
			productRefGroup = B52476262BDF679C0045B89F /* Products */;
			projectDirPath = "";
			projectRoot = "";
			targets = (
				B52476242BDF679C0045B89F /* CinemaBookingSystem */,
			);
		};
/* End PBXProject section */

/* Begin PBXResourcesBuildPhase section */
		B52476232BDF679C0045B89F /* Resources */ = {
			isa = PBXResourcesBuildPhase;
			buildActionMask = 2147483647;
			files = (
				B52476302BDF679E0045B89F /* Preview Assets.xcassets in Resources */,
				B524762D2BDF679E0045B89F /* Assets.xcassets in Resources */,
			);
			runOnlyForDeploymentPostprocessing = 0;
		};
/* End PBXResourcesBuildPhase section */

/* Begin PBXSourcesBuildPhase section */
		B52476212BDF679C0045B89F /* Sources */ = {
			isa = PBXSourcesBuildPhase;
			buildActionMask = 2147483647;
			files = (
				65C741242BE12191004C92B1 /* SeatSelectionView.swift in Sources */,
				65C7410E2BE10CE5004C92B1 /* UserAccountViewModel.swift in Sources */,
				65C741162BE10E09004C92B1 /* RegistrationViewModel.swift in Sources */,
				65C7411E2BE11D39004C92B1 /* AccountView.swift in Sources */,
				65C7412E2BE1323E004C92B1 /* MoviesViewModel.swift in Sources */,
				B52476372BE706A20045B89F /* CinemaView.swift in Sources */,
				6523F17F2BE24BF400538065 /* MainViewModel.swift in Sources */,
				65C741302BE133CA004C92B1 /* SchedulesViewModel.swift in Sources */,
				65C741142BE10D45004C92B1 /* OrderHistoryView.swift in Sources */,
				B524762B2BDF679C0045B89F /* ContentView.swift in Sources */,
				B52476292BDF679C0045B89F /* CinemaBookingSystemApp.swift in Sources */,
				65C7412A2BE12AEC004C92B1 /* MovieModel.swift in Sources */,
				65C741202BE11E09004C92B1 /* SettingsView.swift in Sources */,
				B524763B2BE709380045B89F /* CinemasView.swift in Sources */,
				65C741102BE10CFA004C92B1 /* UserAccountView.swift in Sources */,
				65C7411A2BE10FB2004C92B1 /* MainView.swift in Sources */,
				6523F17A2BE2464400538065 /* GenreModel.swift in Sources */,
				65C741222BE12169004C92B1 /* SeatSelectionViewModel.swift in Sources */,
				6523F17C2BE2486900538065 /* OrderModel.swift in Sources */,
				65C7412C2BE1319A004C92B1 /* CinemasViewModel.swift in Sources */,
				65C741282BE12638004C92B1 /* SessionModel.swift in Sources */,
				65C7410C2BE10CA6004C92B1 /* AuthView.swift in Sources */,
				B52476392BE706B20045B89F /* MovieView.swift in Sources */,
				65C741262BE12364004C92B1 /* CinemaModel.swift in Sources */,
				65C7410A2BE10C74004C92B1 /* AuthViewModel.swift in Sources */,
				B524763D2BE73A5C0045B89F /* MoviesView.swift in Sources */,
				65C7411C2BE11948004C92B1 /* UserModel.swift in Sources */,
				65C741182BE10E12004C92B1 /* RegistrationView.swift in Sources */,
			);
			runOnlyForDeploymentPostprocessing = 0;
		};
/* End PBXSourcesBuildPhase section */

/* Begin XCBuildConfiguration section */
		B52476312BDF679E0045B89F /* Debug */ = {
			isa = XCBuildConfiguration;
			buildSettings = {
				ALWAYS_SEARCH_USER_PATHS = NO;
				ASSETCATALOG_COMPILER_GENERATE_SWIFT_ASSET_SYMBOL_EXTENSIONS = YES;
				CLANG_ANALYZER_NONNULL = YES;
				CLANG_ANALYZER_NUMBER_OBJECT_CONVERSION = YES_AGGRESSIVE;
				CLANG_CXX_LANGUAGE_STANDARD = "gnu++20";
				CLANG_ENABLE_MODULES = YES;
				CLANG_ENABLE_OBJC_ARC = YES;
				CLANG_ENABLE_OBJC_WEAK = YES;
				CLANG_WARN_BLOCK_CAPTURE_AUTORELEASING = YES;
				CLANG_WARN_BOOL_CONVERSION = YES;
				CLANG_WARN_COMMA = YES;
				CLANG_WARN_CONSTANT_CONVERSION = YES;
				CLANG_WARN_DEPRECATED_OBJC_IMPLEMENTATIONS = YES;
				CLANG_WARN_DIRECT_OBJC_ISA_USAGE = YES_ERROR;
				CLANG_WARN_DOCUMENTATION_COMMENTS = YES;
				CLANG_WARN_EMPTY_BODY = YES;
				CLANG_WARN_ENUM_CONVERSION = YES;
				CLANG_WARN_INFINITE_RECURSION = YES;
				CLANG_WARN_INT_CONVERSION = YES;
				CLANG_WARN_NON_LITERAL_NULL_CONVERSION = YES;
				CLANG_WARN_OBJC_IMPLICIT_RETAIN_SELF = YES;
				CLANG_WARN_OBJC_LITERAL_CONVERSION = YES;
				CLANG_WARN_OBJC_ROOT_CLASS = YES_ERROR;
				CLANG_WARN_QUOTED_INCLUDE_IN_FRAMEWORK_HEADER = YES;
				CLANG_WARN_RANGE_LOOP_ANALYSIS = YES;
				CLANG_WARN_STRICT_PROTOTYPES = YES;
				CLANG_WARN_SUSPICIOUS_MOVE = YES;
				CLANG_WARN_UNGUARDED_AVAILABILITY = YES_AGGRESSIVE;
				CLANG_WARN_UNREACHABLE_CODE = YES;
				CLANG_WARN__DUPLICATE_METHOD_MATCH = YES;
				COPY_PHASE_STRIP = NO;
				DEBUG_INFORMATION_FORMAT = dwarf;
				ENABLE_STRICT_OBJC_MSGSEND = YES;
				ENABLE_TESTABILITY = YES;
				ENABLE_USER_SCRIPT_SANDBOXING = YES;
				GCC_C_LANGUAGE_STANDARD = gnu17;
				GCC_DYNAMIC_NO_PIC = NO;
				GCC_NO_COMMON_BLOCKS = YES;
				GCC_OPTIMIZATION_LEVEL = 0;
				GCC_PREPROCESSOR_DEFINITIONS = (
					"DEBUG=1",
					"$(inherited)",
				);
				GCC_WARN_64_TO_32_BIT_CONVERSION = YES;
				GCC_WARN_ABOUT_RETURN_TYPE = YES_ERROR;
				GCC_WARN_UNDECLARED_SELECTOR = YES;
				GCC_WARN_UNINITIALIZED_AUTOS = YES_AGGRESSIVE;
				GCC_WARN_UNUSED_FUNCTION = YES;
				GCC_WARN_UNUSED_VARIABLE = YES;
				IPHONEOS_DEPLOYMENT_TARGET = 17.4;
				LOCALIZATION_PREFERS_STRING_CATALOGS = YES;
				MTL_ENABLE_DEBUG_INFO = INCLUDE_SOURCE;
				MTL_FAST_MATH = YES;
				ONLY_ACTIVE_ARCH = YES;
				SDKROOT = iphoneos;
				SWIFT_ACTIVE_COMPILATION_CONDITIONS = "DEBUG $(inherited)";
				SWIFT_OPTIMIZATION_LEVEL = "-Onone";
			};
			name = Debug;
		};
		B52476322BDF679E0045B89F /* Release */ = {
			isa = XCBuildConfiguration;
			buildSettings = {
				ALWAYS_SEARCH_USER_PATHS = NO;
				ASSETCATALOG_COMPILER_GENERATE_SWIFT_ASSET_SYMBOL_EXTENSIONS = YES;
				CLANG_ANALYZER_NONNULL = YES;
				CLANG_ANALYZER_NUMBER_OBJECT_CONVERSION = YES_AGGRESSIVE;
				CLANG_CXX_LANGUAGE_STANDARD = "gnu++20";
				CLANG_ENABLE_MODULES = YES;
				CLANG_ENABLE_OBJC_ARC = YES;
				CLANG_ENABLE_OBJC_WEAK = YES;
				CLANG_WARN_BLOCK_CAPTURE_AUTORELEASING = YES;
				CLANG_WARN_BOOL_CONVERSION = YES;
				CLANG_WARN_COMMA = YES;
				CLANG_WARN_CONSTANT_CONVERSION = YES;
				CLANG_WARN_DEPRECATED_OBJC_IMPLEMENTATIONS = YES;
				CLANG_WARN_DIRECT_OBJC_ISA_USAGE = YES_ERROR;
				CLANG_WARN_DOCUMENTATION_COMMENTS = YES;
				CLANG_WARN_EMPTY_BODY = YES;
				CLANG_WARN_ENUM_CONVERSION = YES;
				CLANG_WARN_INFINITE_RECURSION = YES;
				CLANG_WARN_INT_CONVERSION = YES;
				CLANG_WARN_NON_LITERAL_NULL_CONVERSION = YES;
				CLANG_WARN_OBJC_IMPLICIT_RETAIN_SELF = YES;
				CLANG_WARN_OBJC_LITERAL_CONVERSION = YES;
				CLANG_WARN_OBJC_ROOT_CLASS = YES_ERROR;
				CLANG_WARN_QUOTED_INCLUDE_IN_FRAMEWORK_HEADER = YES;
				CLANG_WARN_RANGE_LOOP_ANALYSIS = YES;
				CLANG_WARN_STRICT_PROTOTYPES = YES;
				CLANG_WARN_SUSPICIOUS_MOVE = YES;
				CLANG_WARN_UNGUARDED_AVAILABILITY = YES_AGGRESSIVE;
				CLANG_WARN_UNREACHABLE_CODE = YES;
				CLANG_WARN__DUPLICATE_METHOD_MATCH = YES;
				COPY_PHASE_STRIP = NO;
				DEBUG_INFORMATION_FORMAT = "dwarf-with-dsym";
				ENABLE_NS_ASSERTIONS = NO;
				ENABLE_STRICT_OBJC_MSGSEND = YES;
				ENABLE_USER_SCRIPT_SANDBOXING = YES;
				GCC_C_LANGUAGE_STANDARD = gnu17;
				GCC_NO_COMMON_BLOCKS = YES;
				GCC_WARN_64_TO_32_BIT_CONVERSION = YES;
				GCC_WARN_ABOUT_RETURN_TYPE = YES_ERROR;
				GCC_WARN_UNDECLARED_SELECTOR = YES;
				GCC_WARN_UNINITIALIZED_AUTOS = YES_AGGRESSIVE;
				GCC_WARN_UNUSED_FUNCTION = YES;
				GCC_WARN_UNUSED_VARIABLE = YES;
				IPHONEOS_DEPLOYMENT_TARGET = 17.4;
				LOCALIZATION_PREFERS_STRING_CATALOGS = YES;
				MTL_ENABLE_DEBUG_INFO = NO;
				MTL_FAST_MATH = YES;
				SDKROOT = iphoneos;
				SWIFT_COMPILATION_MODE = wholemodule;
				VALIDATE_PRODUCT = YES;
			};
			name = Release;
		};
		B52476342BDF679E0045B89F /* Debug */ = {
			isa = XCBuildConfiguration;
			buildSettings = {
				ASSETCATALOG_COMPILER_APPICON_NAME = AppIcon;
				ASSETCATALOG_COMPILER_GLOBAL_ACCENT_COLOR_NAME = AccentColor;
				CODE_SIGN_STYLE = Automatic;
				CURRENT_PROJECT_VERSION = 1;
				DEVELOPMENT_ASSET_PATHS = "\"CinemaBookingSystem/Preview Content\"";
				ENABLE_PREVIEWS = YES;
				GENERATE_INFOPLIST_FILE = YES;
				INFOPLIST_KEY_UIApplicationSceneManifest_Generation = YES;
				INFOPLIST_KEY_UIApplicationSupportsIndirectInputEvents = YES;
				INFOPLIST_KEY_UILaunchScreen_Generation = YES;
				INFOPLIST_KEY_UISupportedInterfaceOrientations_iPad = "UIInterfaceOrientationPortrait UIInterfaceOrientationPortraitUpsideDown UIInterfaceOrientationLandscapeLeft UIInterfaceOrientationLandscapeRight";
				INFOPLIST_KEY_UISupportedInterfaceOrientations_iPhone = "UIInterfaceOrientationPortrait UIInterfaceOrientationLandscapeLeft UIInterfaceOrientationLandscapeRight";
				LD_RUNPATH_SEARCH_PATHS = (
					"$(inherited)",
					"@executable_path/Frameworks",
				);
				MARKETING_VERSION = 1.0;
				PRODUCT_BUNDLE_IDENTIFIER = uts.edu.au.CinemaBookingSystem;
				PRODUCT_NAME = "$(TARGET_NAME)";
				SWIFT_EMIT_LOC_STRINGS = YES;
				SWIFT_VERSION = 5.0;
				TARGETED_DEVICE_FAMILY = "1,2";
			};
			name = Debug;
		};
		B52476352BDF679E0045B89F /* Release */ = {
			isa = XCBuildConfiguration;
			buildSettings = {
				ASSETCATALOG_COMPILER_APPICON_NAME = AppIcon;
				ASSETCATALOG_COMPILER_GLOBAL_ACCENT_COLOR_NAME = AccentColor;
				CODE_SIGN_STYLE = Automatic;
				CURRENT_PROJECT_VERSION = 1;
				DEVELOPMENT_ASSET_PATHS = "\"CinemaBookingSystem/Preview Content\"";
				ENABLE_PREVIEWS = YES;
				GENERATE_INFOPLIST_FILE = YES;
				INFOPLIST_KEY_UIApplicationSceneManifest_Generation = YES;
				INFOPLIST_KEY_UIApplicationSupportsIndirectInputEvents = YES;
				INFOPLIST_KEY_UILaunchScreen_Generation = YES;
				INFOPLIST_KEY_UISupportedInterfaceOrientations_iPad = "UIInterfaceOrientationPortrait UIInterfaceOrientationPortraitUpsideDown UIInterfaceOrientationLandscapeLeft UIInterfaceOrientationLandscapeRight";
				INFOPLIST_KEY_UISupportedInterfaceOrientations_iPhone = "UIInterfaceOrientationPortrait UIInterfaceOrientationLandscapeLeft UIInterfaceOrientationLandscapeRight";
				LD_RUNPATH_SEARCH_PATHS = (
					"$(inherited)",
					"@executable_path/Frameworks",
				);
				MARKETING_VERSION = 1.0;
				PRODUCT_BUNDLE_IDENTIFIER = uts.edu.au.CinemaBookingSystem;
				PRODUCT_NAME = "$(TARGET_NAME)";
				SWIFT_EMIT_LOC_STRINGS = YES;
				SWIFT_VERSION = 5.0;
				TARGETED_DEVICE_FAMILY = "1,2";
			};
			name = Release;
		};
/* End XCBuildConfiguration section */

/* Begin XCConfigurationList section */
		B52476202BDF679C0045B89F /* Build configuration list for PBXProject "CinemaBookingSystem" */ = {
			isa = XCConfigurationList;
			buildConfigurations = (
				B52476312BDF679E0045B89F /* Debug */,
				B52476322BDF679E0045B89F /* Release */,
			);
			defaultConfigurationIsVisible = 0;
			defaultConfigurationName = Release;
		};
		B52476332BDF679E0045B89F /* Build configuration list for PBXNativeTarget "CinemaBookingSystem" */ = {
			isa = XCConfigurationList;
			buildConfigurations = (
				B52476342BDF679E0045B89F /* Debug */,
				B52476352BDF679E0045B89F /* Release */,
			);
			defaultConfigurationIsVisible = 0;
			defaultConfigurationName = Release;
		};
/* End XCConfigurationList section */
	};
	rootObject = B524761D2BDF679C0045B89F /* Project object */;
}
